{
  "version": 1,
  "dependencies": {
    "net8.0-android21.0": {
      "Microsoft.Extensions.Logging.Debug": {
        "type": "Direct",
        "requested": "[10.0.0-preview.1.25080.5, )",
        "resolved": "10.0.0-preview.1.25080.5",
        "contentHash": "jLZUpli7quH0pZcnItlK025ifyONiM1tlrNnMcbUCLo085zigkKZVL7JCw0hnzLsbQBrXGU42agpPhK/2JCpUQ==",
        "dependencies": {
          "Microsoft.Extensions.DependencyInjection.Abstractions": "10.0.0-preview.1.25080.5",
          "Microsoft.Extensions.Logging": "10.0.0-preview.1.25080.5",
          "Microsoft.Extensions.Logging.Abstractions": "10.0.0-preview.1.25080.5"
        }
      },
      "Microsoft.Maui.Controls": {
        "type": "Direct",
        "requested": "(, )",
        "resolved": "8.0.3",
        "contentHash": "u4758dDYaci/A+SYZxxOw1GOYIOt2erydMTAbhzIOUslki1VLuF7fdABlaow/AobbctOHHi48qdGZGVi4M7ALg==",
        "dependencies": {
          "Microsoft.Maui.Controls.Build.Tasks": "8.0.3",
          "Microsoft.Maui.Controls.Core": "8.0.3",
          "Microsoft.Maui.Controls.Xaml": "8.0.3",
          "Microsoft.Maui.Resizetizer": "8.0.3"
        }
      },
      "Microsoft.Extensions.Configuration": {
        "type": "Transitive",
        "resolved": "8.0.0",
        "contentHash": "0J/9YNXTMWSZP2p2+nvl8p71zpSwokZXZuJW+VjdErkegAnFdO1XlqtA62SJtgVYHdKu3uPxJHcMR/r35HwFBA==",
        "dependencies": {
          "Microsoft.Extensions.Configuration.Abstractions": "8.0.0",
          "Microsoft.Extensions.Primitives": "8.0.0"
        }
      },
      "Microsoft.Extensions.Configuration.Abstractions": {
        "type": "Transitive",
        "resolved": "8.0.0",
        "contentHash": "3lE/iLSutpgX1CC0NOW70FJoGARRHbyKmG7dc0klnUZ9Dd9hS6N/POPWhKhMLCEuNN5nXEY5agmlFtH562vqhQ==",
        "dependencies": {
          "Microsoft.Extensions.Primitives": "8.0.0"
        }
      },
      "Microsoft.Extensions.DependencyInjection": {
        "type": "Transitive",
        "resolved": "10.0.0-preview.1.25080.5",
        "contentHash": "T50DtUNMlTWsIjJaufPsPBEkeN7firM83Z/JDY0q9v4uL47llTCBdRtlrJ+NlGrF6+3Ny0mtWB7gIKn4AUeGzA==",
        "dependencies": {
          "Microsoft.Extensions.DependencyInjection.Abstractions": "10.0.0-preview.1.25080.5"
        }
      },
      "Microsoft.Extensions.DependencyInjection.Abstractions": {
        "type": "Transitive",
        "resolved": "10.0.0-preview.1.25080.5",
        "contentHash": "/6gp/48ibjQePwjWlSu72bditSihLVRXf3L+kcoj6JKWA+tnWxEgOIuKmrSigTvSeqmAHcdpSwu7Fuf6bgFAyQ=="
      },
      "Microsoft.Extensions.Logging": {
        "type": "Transitive",
        "resolved": "10.0.0-preview.1.25080.5",
        "contentHash": "wr2pP0FA4hjROdtbvtV+yZghuXlX4Xpb792ozXjkkwBHbQv8ibjsqeY9d/tRRY9oFCc29QbQ+SYymMo/ypQsfg==",
        "dependencies": {
          "Microsoft.Extensions.DependencyInjection": "10.0.0-preview.1.25080.5",
          "Microsoft.Extensions.Logging.Abstractions": "10.0.0-preview.1.25080.5",
          "Microsoft.Extensions.Options": "10.0.0-preview.1.25080.5"
        }
      },
      "Microsoft.Extensions.Logging.Abstractions": {
        "type": "Transitive",
        "resolved": "10.0.0-preview.1.25080.5",
        "contentHash": "C21GNMRtPHRWKRRvPba59tjEqvwxpD6B+1Cd+B0Z3LamD2rZ3WTLTgf05kN18dXbhvcT+i24CN7Yntsbu1y8ZQ==",
        "dependencies": {
          "Microsoft.Extensions.DependencyInjection.Abstractions": "10.0.0-preview.1.25080.5",
          "System.Diagnostics.DiagnosticSource": "10.0.0-preview.1.25080.5"
        }
      },
      "Microsoft.Extensions.Options": {
        "type": "Transitive",
        "resolved": "10.0.0-preview.1.25080.5",
        "contentHash": "ibl/JRg6OJE1s5vWj/gAi+gzPR4Y1DvxZM7DsX9MalSwE9XI/VgMOT/axabcNYmrwVccL1jB9cATPRoGSI1olQ==",
        "dependencies": {
          "Microsoft.Extensions.DependencyInjection.Abstractions": "10.0.0-preview.1.25080.5",
          "Microsoft.Extensions.Primitives": "10.0.0-preview.1.25080.5"
        }
      },
      "Microsoft.Extensions.Primitives": {
        "type": "Transitive",
        "resolved": "10.0.0-preview.1.25080.5",
        "contentHash": "vuci/NLr6n/4Vxig68IwDxu2J6OMv6k9d8PXi+QHR2z7EZciBxL1R5Ri3kdMUZxZfD38M/AcUWllGcynSgPJSg=="
      },
      "Microsoft.Maui.Controls.Build.Tasks": {
        "type": "Transitive",
        "resolved": "8.0.3",
        "contentHash": "MneJP5CnRkEelcitnbKoXw7E7SHo2GxkWZK+BX/MvDW3ATMMtuv6zkkBmQiiCcObjEnObpNZkwdiJf1L3dslIA==",
        "dependencies": {
          "Microsoft.Maui.Controls.Core": "8.0.3",
          "Microsoft.Maui.Controls.Xaml": "8.0.3"
        }
      },
      "Microsoft.Maui.Controls.Core": {
        "type": "Transitive",
        "resolved": "8.0.3",
        "contentHash": "53cAExyv1Lw+Dax85GRe6233OlPUZRbhoNbk7qN0so1novS7zRdtj3BGtsVJiWeA/20oU4lRqkkLphNLmp2pAA==",
        "dependencies": {
          "Microsoft.Extensions.Configuration": "8.0.0",
          "Microsoft.Extensions.DependencyInjection": "8.0.0",
          "Microsoft.Extensions.Logging": "8.0.0",
          "Microsoft.Extensions.Logging.Abstractions": "8.0.0",
          "Microsoft.Maui.Core": "8.0.3"
        }
      },
      "Microsoft.Maui.Controls.Xaml": {
        "type": "Transitive",
        "resolved": "8.0.3",
        "contentHash": "ka8DToOqVk+7Wht674DOU9JAl4zfILmtKmFKtmMsF8YZhbazKxgx4kvRB7HUPR0pBsnhrUs3zsX5zeFYjnYYZQ==",
        "dependencies": {
          "Microsoft.Extensions.Configuration": "8.0.0",
          "Microsoft.Maui.Controls.Core": "8.0.3",
          "Microsoft.Maui.Core": "8.0.3"
        }
      },
      "Microsoft.Maui.Core": {
        "type": "Transitive",
        "resolved": "8.0.3",
        "contentHash": "4KP8EM/sI1aCLHMB6lZP3NE6vtq0ShlwZwqCCpQzWaDjKHa5K2PPagtOjzpntYFTQw3cE+sJEOk1xd4JRTELtw==",
        "dependencies": {
          "Microsoft.Extensions.Configuration": "8.0.0",
          "Microsoft.Extensions.DependencyInjection": "8.0.0",
          "Microsoft.Extensions.Logging": "8.0.0",
          "Microsoft.Extensions.Logging.Abstractions": "8.0.0",
          "Microsoft.Maui.Essentials": "8.0.3",
          "Microsoft.Maui.Graphics": "8.0.3"
        }
      },
      "Microsoft.Maui.Essentials": {
        "type": "Transitive",
        "resolved": "8.0.3",
        "contentHash": "VHI2a4QHYoc31xMkFDNuhMWmhxe9zYnHlPQXvj6e23w0GeNjSCiw+X1H3cb0SMuiSN6tK8HJrsyphxS3J50MHQ==",
        "dependencies": {
          "Microsoft.Maui.Graphics": "8.0.3"
        }
      },
      "Microsoft.Maui.Graphics": {
        "type": "Transitive",
        "resolved": "8.0.3",
        "contentHash": "RWXI/VKfxRljnzME5v2TgiT5N/Q/phpaCqFnz3V0NSAGey5GAPwzuH3W5ryU0fVgds9QPgukDeuGRn7hTD/MWw=="
      },
      "Microsoft.Maui.Resizetizer": {
        "type": "Transitive",
        "resolved": "8.0.3",
        "contentHash": "SBaeM/1AF8ajCbQfFM15aN1IX+GQUw/V9NuqZV3is+Z202dfzz+bIZmBGtvEGcV4ik4YdjtQe2+vtJq0GLYTPw=="
      },
      "System.Diagnostics.DiagnosticSource": {
        "type": "Transitive",
        "resolved": "10.0.0-preview.1.25080.5",
        "contentHash": "ojrFCCDKA40SOa6rpzhQyNTnQGkOgi+TBiRiGJTK11MPRhiSbsSuFEDDQsBRDBAiM5YdJAgEEwgbRzpXQIFfQg=="
      }
    },
    "net8.0-android21.0/iossimulator-x64": {},
    "net8.0-android21.0/maccatalyst-x64": {},
    "net8.0-ios18.0": {
      "Microsoft.Extensions.Logging.Debug": {
        "type": "Direct",
        "requested": "[10.0.0-preview.1.25080.5, )",
        "resolved": "10.0.0-preview.1.25080.5",
        "contentHash": "jLZUpli7quH0pZcnItlK025ifyONiM1tlrNnMcbUCLo085zigkKZVL7JCw0hnzLsbQBrXGU42agpPhK/2JCpUQ==",
        "dependencies": {
          "Microsoft.Extensions.DependencyInjection.Abstractions": "10.0.0-preview.1.25080.5",
          "Microsoft.Extensions.Logging": "10.0.0-preview.1.25080.5",
          "Microsoft.Extensions.Logging.Abstractions": "10.0.0-preview.1.25080.5"
        }
      },
      "Microsoft.Maui.Controls": {
        "type": "Direct",
        "requested": "(, )",
        "resolved": "8.0.3",
        "contentHash": "u4758dDYaci/A+SYZxxOw1GOYIOt2erydMTAbhzIOUslki1VLuF7fdABlaow/AobbctOHHi48qdGZGVi4M7ALg==",
        "dependencies": {
          "Microsoft.Maui.Controls.Build.Tasks": "8.0.3",
          "Microsoft.Maui.Controls.Core": "8.0.3",
          "Microsoft.Maui.Controls.Xaml": "8.0.3",
          "Microsoft.Maui.Resizetizer": "8.0.3"
        }
      },
      "Microsoft.NET.ILLink.Tasks": {
        "type": "Direct",
        "requested": "[8.0.12, )",
        "resolved": "8.0.12",
        "contentHash": "FV4HnQ3JI15PHnJ5PGTbz+rYvrih42oLi/7UMIshNwCwUZhTq13UzrggtXk4ygrcMcN+4jsS6hhshx2p/Zd0ig=="
      },
      "Microsoft.Extensions.Configuration": {
        "type": "Transitive",
        "resolved": "8.0.0",
        "contentHash": "0J/9YNXTMWSZP2p2+nvl8p71zpSwokZXZuJW+VjdErkegAnFdO1XlqtA62SJtgVYHdKu3uPxJHcMR/r35HwFBA==",
        "dependencies": {
          "Microsoft.Extensions.Configuration.Abstractions": "8.0.0",
          "Microsoft.Extensions.Primitives": "8.0.0"
        }
      },
      "Microsoft.Extensions.Configuration.Abstractions": {
        "type": "Transitive",
        "resolved": "8.0.0",
        "contentHash": "3lE/iLSutpgX1CC0NOW70FJoGARRHbyKmG7dc0klnUZ9Dd9hS6N/POPWhKhMLCEuNN5nXEY5agmlFtH562vqhQ==",
        "dependencies": {
          "Microsoft.Extensions.Primitives": "8.0.0"
        }
      },
      "Microsoft.Extensions.DependencyInjection": {
        "type": "Transitive",
        "resolved": "10.0.0-preview.1.25080.5",
        "contentHash": "T50DtUNMlTWsIjJaufPsPBEkeN7firM83Z/JDY0q9v4uL47llTCBdRtlrJ+NlGrF6+3Ny0mtWB7gIKn4AUeGzA==",
        "dependencies": {
          "Microsoft.Extensions.DependencyInjection.Abstractions": "10.0.0-preview.1.25080.5"
        }
      },
      "Microsoft.Extensions.DependencyInjection.Abstractions": {
        "type": "Transitive",
        "resolved": "10.0.0-preview.1.25080.5",
        "contentHash": "/6gp/48ibjQePwjWlSu72bditSihLVRXf3L+kcoj6JKWA+tnWxEgOIuKmrSigTvSeqmAHcdpSwu7Fuf6bgFAyQ=="
      },
      "Microsoft.Extensions.Logging": {
        "type": "Transitive",
        "resolved": "10.0.0-preview.1.25080.5",
        "contentHash": "wr2pP0FA4hjROdtbvtV+yZghuXlX4Xpb792ozXjkkwBHbQv8ibjsqeY9d/tRRY9oFCc29QbQ+SYymMo/ypQsfg==",
        "dependencies": {
          "Microsoft.Extensions.DependencyInjection": "10.0.0-preview.1.25080.5",
          "Microsoft.Extensions.Logging.Abstractions": "10.0.0-preview.1.25080.5",
          "Microsoft.Extensions.Options": "10.0.0-preview.1.25080.5"
        }
      },
      "Microsoft.Extensions.Logging.Abstractions": {
        "type": "Transitive",
        "resolved": "10.0.0-preview.1.25080.5",
        "contentHash": "C21GNMRtPHRWKRRvPba59tjEqvwxpD6B+1Cd+B0Z3LamD2rZ3WTLTgf05kN18dXbhvcT+i24CN7Yntsbu1y8ZQ==",
        "dependencies": {
          "Microsoft.Extensions.DependencyInjection.Abstractions": "10.0.0-preview.1.25080.5",
          "System.Diagnostics.DiagnosticSource": "10.0.0-preview.1.25080.5"
        }
      },
      "Microsoft.Extensions.Options": {
        "type": "Transitive",
        "resolved": "10.0.0-preview.1.25080.5",
        "contentHash": "ibl/JRg6OJE1s5vWj/gAi+gzPR4Y1DvxZM7DsX9MalSwE9XI/VgMOT/axabcNYmrwVccL1jB9cATPRoGSI1olQ==",
        "dependencies": {
          "Microsoft.Extensions.DependencyInjection.Abstractions": "10.0.0-preview.1.25080.5",
          "Microsoft.Extensions.Primitives": "10.0.0-preview.1.25080.5"
        }
      },
      "Microsoft.Extensions.Primitives": {
        "type": "Transitive",
        "resolved": "10.0.0-preview.1.25080.5",
        "contentHash": "vuci/NLr6n/4Vxig68IwDxu2J6OMv6k9d8PXi+QHR2z7EZciBxL1R5Ri3kdMUZxZfD38M/AcUWllGcynSgPJSg=="
      },
      "Microsoft.Maui.Controls.Build.Tasks": {
        "type": "Transitive",
        "resolved": "8.0.3",
        "contentHash": "MneJP5CnRkEelcitnbKoXw7E7SHo2GxkWZK+BX/MvDW3ATMMtuv6zkkBmQiiCcObjEnObpNZkwdiJf1L3dslIA==",
        "dependencies": {
          "Microsoft.Maui.Controls.Core": "8.0.3",
          "Microsoft.Maui.Controls.Xaml": "8.0.3"
        }
      },
      "Microsoft.Maui.Controls.Core": {
        "type": "Transitive",
        "resolved": "8.0.3",
        "contentHash": "53cAExyv1Lw+Dax85GRe6233OlPUZRbhoNbk7qN0so1novS7zRdtj3BGtsVJiWeA/20oU4lRqkkLphNLmp2pAA==",
        "dependencies": {
          "Microsoft.Extensions.Configuration": "8.0.0",
          "Microsoft.Extensions.DependencyInjection": "8.0.0",
          "Microsoft.Extensions.Logging": "8.0.0",
          "Microsoft.Extensions.Logging.Abstractions": "8.0.0",
          "Microsoft.Maui.Core": "8.0.3"
        }
      },
      "Microsoft.Maui.Controls.Xaml": {
        "type": "Transitive",
        "resolved": "8.0.3",
        "contentHash": "ka8DToOqVk+7Wht674DOU9JAl4zfILmtKmFKtmMsF8YZhbazKxgx4kvRB7HUPR0pBsnhrUs3zsX5zeFYjnYYZQ==",
        "dependencies": {
          "Microsoft.Extensions.Configuration": "8.0.0",
          "Microsoft.Maui.Controls.Core": "8.0.3",
          "Microsoft.Maui.Core": "8.0.3"
        }
      },
      "Microsoft.Maui.Core": {
        "type": "Transitive",
        "resolved": "8.0.3",
        "contentHash": "4KP8EM/sI1aCLHMB6lZP3NE6vtq0ShlwZwqCCpQzWaDjKHa5K2PPagtOjzpntYFTQw3cE+sJEOk1xd4JRTELtw==",
        "dependencies": {
          "Microsoft.Extensions.Configuration": "8.0.0",
          "Microsoft.Extensions.DependencyInjection": "8.0.0",
          "Microsoft.Extensions.Logging": "8.0.0",
          "Microsoft.Extensions.Logging.Abstractions": "8.0.0",
          "Microsoft.Maui.Essentials": "8.0.3",
          "Microsoft.Maui.Graphics": "8.0.3"
        }
      },
      "Microsoft.Maui.Essentials": {
        "type": "Transitive",
        "resolved": "8.0.3",
        "contentHash": "VHI2a4QHYoc31xMkFDNuhMWmhxe9zYnHlPQXvj6e23w0GeNjSCiw+X1H3cb0SMuiSN6tK8HJrsyphxS3J50MHQ==",
        "dependencies": {
          "Microsoft.Maui.Graphics": "8.0.3"
        }
      },
      "Microsoft.Maui.Graphics": {
        "type": "Transitive",
        "resolved": "8.0.3",
        "contentHash": "RWXI/VKfxRljnzME5v2TgiT5N/Q/phpaCqFnz3V0NSAGey5GAPwzuH3W5ryU0fVgds9QPgukDeuGRn7hTD/MWw=="
      },
      "Microsoft.Maui.Resizetizer": {
        "type": "Transitive",
        "resolved": "8.0.3",
        "contentHash": "SBaeM/1AF8ajCbQfFM15aN1IX+GQUw/V9NuqZV3is+Z202dfzz+bIZmBGtvEGcV4ik4YdjtQe2+vtJq0GLYTPw=="
      },
      "System.Diagnostics.DiagnosticSource": {
        "type": "Transitive",
        "resolved": "10.0.0-preview.1.25080.5",
        "contentHash": "ojrFCCDKA40SOa6rpzhQyNTnQGkOgi+TBiRiGJTK11MPRhiSbsSuFEDDQsBRDBAiM5YdJAgEEwgbRzpXQIFfQg=="
      }
    },
    "net8.0-ios18.0/iossimulator-x64": {},
    "net8.0-ios18.0/maccatalyst-x64": {},
    "net8.0-maccatalyst18.0": {
      "Microsoft.Extensions.Logging.Debug": {
        "type": "Direct",
        "requested": "[10.0.0-preview.1.25080.5, )",
        "resolved": "10.0.0-preview.1.25080.5",
        "contentHash": "jLZUpli7quH0pZcnItlK025ifyONiM1tlrNnMcbUCLo085zigkKZVL7JCw0hnzLsbQBrXGU42agpPhK/2JCpUQ==",
        "dependencies": {
          "Microsoft.Extensions.DependencyInjection.Abstractions": "10.0.0-preview.1.25080.5",
          "Microsoft.Extensions.Logging": "10.0.0-preview.1.25080.5",
          "Microsoft.Extensions.Logging.Abstractions": "10.0.0-preview.1.25080.5"
        }
      },
      "Microsoft.Maui.Controls": {
        "type": "Direct",
        "requested": "(, )",
        "resolved": "8.0.3",
        "contentHash": "u4758dDYaci/A+SYZxxOw1GOYIOt2erydMTAbhzIOUslki1VLuF7fdABlaow/AobbctOHHi48qdGZGVi4M7ALg==",
        "dependencies": {
          "Microsoft.Maui.Controls.Build.Tasks": "8.0.3",
          "Microsoft.Maui.Controls.Core": "8.0.3",
          "Microsoft.Maui.Controls.Xaml": "8.0.3",
          "Microsoft.Maui.Resizetizer": "8.0.3"
        }
      },
      "Microsoft.NET.ILLink.Tasks": {
        "type": "Direct",
        "requested": "[8.0.12, )",
        "resolved": "8.0.12",
        "contentHash": "FV4HnQ3JI15PHnJ5PGTbz+rYvrih42oLi/7UMIshNwCwUZhTq13UzrggtXk4ygrcMcN+4jsS6hhshx2p/Zd0ig=="
      },
      "Microsoft.Extensions.Configuration": {
        "type": "Transitive",
        "resolved": "8.0.0",
        "contentHash": "0J/9YNXTMWSZP2p2+nvl8p71zpSwokZXZuJW+VjdErkegAnFdO1XlqtA62SJtgVYHdKu3uPxJHcMR/r35HwFBA==",
        "dependencies": {
          "Microsoft.Extensions.Configuration.Abstractions": "8.0.0",
          "Microsoft.Extensions.Primitives": "8.0.0"
        }
      },
      "Microsoft.Extensions.Configuration.Abstractions": {
        "type": "Transitive",
        "resolved": "8.0.0",
        "contentHash": "3lE/iLSutpgX1CC0NOW70FJoGARRHbyKmG7dc0klnUZ9Dd9hS6N/POPWhKhMLCEuNN5nXEY5agmlFtH562vqhQ==",
        "dependencies": {
          "Microsoft.Extensions.Primitives": "8.0.0"
        }
      },
      "Microsoft.Extensions.DependencyInjection": {
        "type": "Transitive",
        "resolved": "10.0.0-preview.1.25080.5",
        "contentHash": "T50DtUNMlTWsIjJaufPsPBEkeN7firM83Z/JDY0q9v4uL47llTCBdRtlrJ+NlGrF6+3Ny0mtWB7gIKn4AUeGzA==",
        "dependencies": {
          "Microsoft.Extensions.DependencyInjection.Abstractions": "10.0.0-preview.1.25080.5"
        }
      },
      "Microsoft.Extensions.DependencyInjection.Abstractions": {
        "type": "Transitive",
        "resolved": "10.0.0-preview.1.25080.5",
        "contentHash": "/6gp/48ibjQePwjWlSu72bditSihLVRXf3L+kcoj6JKWA+tnWxEgOIuKmrSigTvSeqmAHcdpSwu7Fuf6bgFAyQ=="
      },
      "Microsoft.Extensions.Logging": {
        "type": "Transitive",
        "resolved": "10.0.0-preview.1.25080.5",
        "contentHash": "wr2pP0FA4hjROdtbvtV+yZghuXlX4Xpb792ozXjkkwBHbQv8ibjsqeY9d/tRRY9oFCc29QbQ+SYymMo/ypQsfg==",
        "dependencies": {
          "Microsoft.Extensions.DependencyInjection": "10.0.0-preview.1.25080.5",
          "Microsoft.Extensions.Logging.Abstractions": "10.0.0-preview.1.25080.5",
          "Microsoft.Extensions.Options": "10.0.0-preview.1.25080.5"
        }
      },
      "Microsoft.Extensions.Logging.Abstractions": {
        "type": "Transitive",
        "resolved": "10.0.0-preview.1.25080.5",
        "contentHash": "C21GNMRtPHRWKRRvPba59tjEqvwxpD6B+1Cd+B0Z3LamD2rZ3WTLTgf05kN18dXbhvcT+i24CN7Yntsbu1y8ZQ==",
        "dependencies": {
          "Microsoft.Extensions.DependencyInjection.Abstractions": "10.0.0-preview.1.25080.5",
          "System.Diagnostics.DiagnosticSource": "10.0.0-preview.1.25080.5"
        }
      },
      "Microsoft.Extensions.Options": {
        "type": "Transitive",
        "resolved": "10.0.0-preview.1.25080.5",
        "contentHash": "ibl/JRg6OJE1s5vWj/gAi+gzPR4Y1DvxZM7DsX9MalSwE9XI/VgMOT/axabcNYmrwVccL1jB9cATPRoGSI1olQ==",
        "dependencies": {
          "Microsoft.Extensions.DependencyInjection.Abstractions": "10.0.0-preview.1.25080.5",
          "Microsoft.Extensions.Primitives": "10.0.0-preview.1.25080.5"
        }
      },
      "Microsoft.Extensions.Primitives": {
        "type": "Transitive",
        "resolved": "10.0.0-preview.1.25080.5",
        "contentHash": "vuci/NLr6n/4Vxig68IwDxu2J6OMv6k9d8PXi+QHR2z7EZciBxL1R5Ri3kdMUZxZfD38M/AcUWllGcynSgPJSg=="
      },
      "Microsoft.Maui.Controls.Build.Tasks": {
        "type": "Transitive",
        "resolved": "8.0.3",
        "contentHash": "MneJP5CnRkEelcitnbKoXw7E7SHo2GxkWZK+BX/MvDW3ATMMtuv6zkkBmQiiCcObjEnObpNZkwdiJf1L3dslIA==",
        "dependencies": {
          "Microsoft.Maui.Controls.Core": "8.0.3",
          "Microsoft.Maui.Controls.Xaml": "8.0.3"
        }
      },
      "Microsoft.Maui.Controls.Core": {
        "type": "Transitive",
        "resolved": "8.0.3",
        "contentHash": "53cAExyv1Lw+Dax85GRe6233OlPUZRbhoNbk7qN0so1novS7zRdtj3BGtsVJiWeA/20oU4lRqkkLphNLmp2pAA==",
        "dependencies": {
          "Microsoft.Extensions.Configuration": "8.0.0",
          "Microsoft.Extensions.DependencyInjection": "8.0.0",
          "Microsoft.Extensions.Logging": "8.0.0",
          "Microsoft.Extensions.Logging.Abstractions": "8.0.0",
          "Microsoft.Maui.Core": "8.0.3"
        }
      },
      "Microsoft.Maui.Controls.Xaml": {
        "type": "Transitive",
        "resolved": "8.0.3",
        "contentHash": "ka8DToOqVk+7Wht674DOU9JAl4zfILmtKmFKtmMsF8YZhbazKxgx4kvRB7HUPR0pBsnhrUs3zsX5zeFYjnYYZQ==",
        "dependencies": {
          "Microsoft.Extensions.Configuration": "8.0.0",
          "Microsoft.Maui.Controls.Core": "8.0.3",
          "Microsoft.Maui.Core": "8.0.3"
        }
      },
      "Microsoft.Maui.Core": {
        "type": "Transitive",
        "resolved": "8.0.3",
        "contentHash": "4KP8EM/sI1aCLHMB6lZP3NE6vtq0ShlwZwqCCpQzWaDjKHa5K2PPagtOjzpntYFTQw3cE+sJEOk1xd4JRTELtw==",
        "dependencies": {
          "Microsoft.Extensions.Configuration": "8.0.0",
          "Microsoft.Extensions.DependencyInjection": "8.0.0",
          "Microsoft.Extensions.Logging": "8.0.0",
          "Microsoft.Extensions.Logging.Abstractions": "8.0.0",
          "Microsoft.Maui.Essentials": "8.0.3",
          "Microsoft.Maui.Graphics": "8.0.3"
        }
      },
      "Microsoft.Maui.Essentials": {
        "type": "Transitive",
        "resolved": "8.0.3",
        "contentHash": "VHI2a4QHYoc31xMkFDNuhMWmhxe9zYnHlPQXvj6e23w0GeNjSCiw+X1H3cb0SMuiSN6tK8HJrsyphxS3J50MHQ==",
        "dependencies": {
          "Microsoft.Maui.Graphics": "8.0.3"
        }
      },
      "Microsoft.Maui.Graphics": {
        "type": "Transitive",
        "resolved": "8.0.3",
        "contentHash": "RWXI/VKfxRljnzME5v2TgiT5N/Q/phpaCqFnz3V0NSAGey5GAPwzuH3W5ryU0fVgds9QPgukDeuGRn7hTD/MWw=="
      },
      "Microsoft.Maui.Resizetizer": {
        "type": "Transitive",
        "resolved": "8.0.3",
        "contentHash": "SBaeM/1AF8ajCbQfFM15aN1IX+GQUw/V9NuqZV3is+Z202dfzz+bIZmBGtvEGcV4ik4YdjtQe2+vtJq0GLYTPw=="
      },
      "System.Diagnostics.DiagnosticSource": {
        "type": "Transitive",
        "resolved": "10.0.0-preview.1.25080.5",
        "contentHash": "ojrFCCDKA40SOa6rpzhQyNTnQGkOgi+TBiRiGJTK11MPRhiSbsSuFEDDQsBRDBAiM5YdJAgEEwgbRzpXQIFfQg=="
      }
    },
    "net8.0-maccatalyst18.0/iossimulator-x64": {},
    "net8.0-maccatalyst18.0/maccatalyst-x64": {},
    "net8.0-windows10.0.19041": {
      "Microsoft.Extensions.Logging.Debug": {
        "type": "Direct",
        "requested": "[10.0.0-preview.1.25080.5, )",
        "resolved": "10.0.0-preview.1.25080.5",
        "contentHash": "jLZUpli7quH0pZcnItlK025ifyONiM1tlrNnMcbUCLo085zigkKZVL7JCw0hnzLsbQBrXGU42agpPhK/2JCpUQ==",
        "dependencies": {
          "Microsoft.Extensions.DependencyInjection.Abstractions": "10.0.0-preview.1.25080.5",
          "Microsoft.Extensions.Logging": "10.0.0-preview.1.25080.5",
          "Microsoft.Extensions.Logging.Abstractions": "10.0.0-preview.1.25080.5"
        }
      },
      "Microsoft.Maui.Controls": {
        "type": "Direct",
        "requested": "(, )",
        "resolved": "8.0.3",
        "contentHash": "u4758dDYaci/A+SYZxxOw1GOYIOt2erydMTAbhzIOUslki1VLuF7fdABlaow/AobbctOHHi48qdGZGVi4M7ALg==",
        "dependencies": {
          "Microsoft.Maui.Controls.Build.Tasks": "8.0.3",
          "Microsoft.Maui.Controls.Core": "8.0.3",
          "Microsoft.Maui.Controls.Xaml": "8.0.3",
          "Microsoft.Maui.Resizetizer": "8.0.3"
        }
      },
      "Microsoft.Extensions.Configuration": {
        "type": "Transitive",
        "resolved": "8.0.0",
        "contentHash": "0J/9YNXTMWSZP2p2+nvl8p71zpSwokZXZuJW+VjdErkegAnFdO1XlqtA62SJtgVYHdKu3uPxJHcMR/r35HwFBA==",
        "dependencies": {
          "Microsoft.Extensions.Configuration.Abstractions": "8.0.0",
          "Microsoft.Extensions.Primitives": "8.0.0"
        }
      },
      "Microsoft.Extensions.Configuration.Abstractions": {
        "type": "Transitive",
        "resolved": "8.0.0",
        "contentHash": "3lE/iLSutpgX1CC0NOW70FJoGARRHbyKmG7dc0klnUZ9Dd9hS6N/POPWhKhMLCEuNN5nXEY5agmlFtH562vqhQ==",
        "dependencies": {
          "Microsoft.Extensions.Primitives": "8.0.0"
        }
      },
      "Microsoft.Extensions.DependencyInjection": {
        "type": "Transitive",
        "resolved": "10.0.0-preview.1.25080.5",
        "contentHash": "T50DtUNMlTWsIjJaufPsPBEkeN7firM83Z/JDY0q9v4uL47llTCBdRtlrJ+NlGrF6+3Ny0mtWB7gIKn4AUeGzA==",
        "dependencies": {
          "Microsoft.Extensions.DependencyInjection.Abstractions": "10.0.0-preview.1.25080.5"
        }
      },
      "Microsoft.Extensions.DependencyInjection.Abstractions": {
        "type": "Transitive",
        "resolved": "10.0.0-preview.1.25080.5",
        "contentHash": "/6gp/48ibjQePwjWlSu72bditSihLVRXf3L+kcoj6JKWA+tnWxEgOIuKmrSigTvSeqmAHcdpSwu7Fuf6bgFAyQ=="
      },
      "Microsoft.Extensions.Logging": {
        "type": "Transitive",
        "resolved": "10.0.0-preview.1.25080.5",
        "contentHash": "wr2pP0FA4hjROdtbvtV+yZghuXlX4Xpb792ozXjkkwBHbQv8ibjsqeY9d/tRRY9oFCc29QbQ+SYymMo/ypQsfg==",
        "dependencies": {
          "Microsoft.Extensions.DependencyInjection": "10.0.0-preview.1.25080.5",
          "Microsoft.Extensions.Logging.Abstractions": "10.0.0-preview.1.25080.5",
          "Microsoft.Extensions.Options": "10.0.0-preview.1.25080.5"
        }
      },
      "Microsoft.Extensions.Logging.Abstractions": {
        "type": "Transitive",
        "resolved": "10.0.0-preview.1.25080.5",
        "contentHash": "C21GNMRtPHRWKRRvPba59tjEqvwxpD6B+1Cd+B0Z3LamD2rZ3WTLTgf05kN18dXbhvcT+i24CN7Yntsbu1y8ZQ==",
        "dependencies": {
          "Microsoft.Extensions.DependencyInjection.Abstractions": "10.0.0-preview.1.25080.5",
          "System.Diagnostics.DiagnosticSource": "10.0.0-preview.1.25080.5"
        }
      },
      "Microsoft.Extensions.Options": {
        "type": "Transitive",
        "resolved": "10.0.0-preview.1.25080.5",
        "contentHash": "ibl/JRg6OJE1s5vWj/gAi+gzPR4Y1DvxZM7DsX9MalSwE9XI/VgMOT/axabcNYmrwVccL1jB9cATPRoGSI1olQ==",
        "dependencies": {
          "Microsoft.Extensions.DependencyInjection.Abstractions": "10.0.0-preview.1.25080.5",
          "Microsoft.Extensions.Primitives": "10.0.0-preview.1.25080.5"
        }
      },
      "Microsoft.Extensions.Primitives": {
        "type": "Transitive",
        "resolved": "10.0.0-preview.1.25080.5",
        "contentHash": "vuci/NLr6n/4Vxig68IwDxu2J6OMv6k9d8PXi+QHR2z7EZciBxL1R5Ri3kdMUZxZfD38M/AcUWllGcynSgPJSg=="
      },
      "Microsoft.Graphics.Win2D": {
        "type": "Transitive",
        "resolved": "1.0.5.1",
        "contentHash": "9DVEVvyQWWz8kqhsFBAx9Zv4KRIAcmxuT7kFpK1Fgh6czSiMB+CQW0DlhZXT44Mtv41FRXG47lhEv+7a2YyiLA==",
        "dependencies": {
          "Microsoft.WindowsAppSDK": "1.0.4"
        }
      },
      "Microsoft.Maui.Controls.Build.Tasks": {
        "type": "Transitive",
        "resolved": "8.0.3",
        "contentHash": "MneJP5CnRkEelcitnbKoXw7E7SHo2GxkWZK+BX/MvDW3ATMMtuv6zkkBmQiiCcObjEnObpNZkwdiJf1L3dslIA==",
        "dependencies": {
          "Microsoft.Maui.Controls.Core": "8.0.3",
          "Microsoft.Maui.Controls.Xaml": "8.0.3"
        }
      },
      "Microsoft.Maui.Controls.Core": {
        "type": "Transitive",
        "resolved": "8.0.3",
        "contentHash": "53cAExyv1Lw+Dax85GRe6233OlPUZRbhoNbk7qN0so1novS7zRdtj3BGtsVJiWeA/20oU4lRqkkLphNLmp2pAA==",
        "dependencies": {
          "Microsoft.Extensions.Configuration": "8.0.0",
          "Microsoft.Extensions.DependencyInjection": "8.0.0",
          "Microsoft.Extensions.Logging": "8.0.0",
          "Microsoft.Extensions.Logging.Abstractions": "8.0.0",
          "Microsoft.Maui.Core": "8.0.3"
        }
      },
      "Microsoft.Maui.Controls.Xaml": {
        "type": "Transitive",
        "resolved": "8.0.3",
        "contentHash": "ka8DToOqVk+7Wht674DOU9JAl4zfILmtKmFKtmMsF8YZhbazKxgx4kvRB7HUPR0pBsnhrUs3zsX5zeFYjnYYZQ==",
        "dependencies": {
          "Microsoft.Extensions.Configuration": "8.0.0",
          "Microsoft.Maui.Controls.Core": "8.0.3",
          "Microsoft.Maui.Core": "8.0.3"
        }
      },
      "Microsoft.Maui.Core": {
        "type": "Transitive",
        "resolved": "8.0.3",
        "contentHash": "4KP8EM/sI1aCLHMB6lZP3NE6vtq0ShlwZwqCCpQzWaDjKHa5K2PPagtOjzpntYFTQw3cE+sJEOk1xd4JRTELtw==",
        "dependencies": {
          "Microsoft.Extensions.Configuration": "8.0.0",
          "Microsoft.Extensions.DependencyInjection": "8.0.0",
          "Microsoft.Extensions.Logging": "8.0.0",
          "Microsoft.Extensions.Logging.Abstractions": "8.0.0",
          "Microsoft.Graphics.Win2D": "1.0.5.1",
          "Microsoft.Maui.Essentials": "8.0.3",
          "Microsoft.Maui.Graphics": "8.0.3",
          "Microsoft.Maui.Graphics.Win2D.WinUI.Desktop": "8.0.3",
          "Microsoft.Windows.SDK.BuildTools": "10.0.22621.756",
          "Microsoft.WindowsAppSDK": "1.3.230724000"
        }
      },
      "Microsoft.Maui.Essentials": {
        "type": "Transitive",
        "resolved": "8.0.3",
        "contentHash": "VHI2a4QHYoc31xMkFDNuhMWmhxe9zYnHlPQXvj6e23w0GeNjSCiw+X1H3cb0SMuiSN6tK8HJrsyphxS3J50MHQ==",
        "dependencies": {
          "Microsoft.Maui.Graphics": "8.0.3",
          "Microsoft.WindowsAppSDK": "1.3.230724000"
        }
      },
      "Microsoft.Maui.Graphics": {
        "type": "Transitive",
        "resolved": "8.0.3",
        "contentHash": "RWXI/VKfxRljnzME5v2TgiT5N/Q/phpaCqFnz3V0NSAGey5GAPwzuH3W5ryU0fVgds9QPgukDeuGRn7hTD/MWw==",
        "dependencies": {
          "Microsoft.Graphics.Win2D": "1.0.5.1",
          "Microsoft.WindowsAppSDK": "1.3.230724000"
        }
      },
      "Microsoft.Maui.Graphics.Win2D.WinUI.Desktop": {
        "type": "Transitive",
        "resolved": "8.0.3",
        "contentHash": "/wf8PRqwPecWkTob62Gkc5KBCu9kVmHoy1UAinEcSeHu0KYVaCJ3zXBkS0OSBkgGm7JEon4Ruvg6i+p/GJfjFw==",
        "dependencies": {
          "Microsoft.Graphics.Win2D": "1.0.5.1",
          "Microsoft.Maui.Graphics": "8.0.3",
          "Microsoft.WindowsAppSDK": "1.3.230724000"
        }
      },
      "Microsoft.Maui.Resizetizer": {
        "type": "Transitive",
        "resolved": "8.0.3",
        "contentHash": "SBaeM/1AF8ajCbQfFM15aN1IX+GQUw/V9NuqZV3is+Z202dfzz+bIZmBGtvEGcV4ik4YdjtQe2+vtJq0GLYTPw=="
      },
      "Microsoft.Windows.SDK.BuildTools": {
        "type": "Transitive",
        "resolved": "10.0.22621.756",
        "contentHash": "7ZL2sFSioYm1Ry067Kw1hg0SCcW5kuVezC2SwjGbcPE61Nn+gTbH86T73G3LcEOVj0S3IZzNuE/29gZvOLS7VA=="
      },
      "Microsoft.WindowsAppSDK": {
        "type": "Transitive",
        "resolved": "1.3.230724000",
        "contentHash": "cCw26h8Uh8IjDMOUzHaR7/IKxEVJxuqEOgBlmLj0Pu1wDezZb9J0Wz53Vop10FQUOZaTfnwDcHavyPTxgkwbKQ==",
        "dependencies": {
          "Microsoft.Windows.SDK.BuildTools": "10.0.22621.1"
        }
      },
      "System.Diagnostics.DiagnosticSource": {
        "type": "Transitive",
        "resolved": "10.0.0-preview.1.25080.5",
        "contentHash": "ojrFCCDKA40SOa6rpzhQyNTnQGkOgi+TBiRiGJTK11MPRhiSbsSuFEDDQsBRDBAiM5YdJAgEEwgbRzpXQIFfQg=="
      }
    },
    "net8.0-windows10.0.19041/iossimulator-x64": {
      "Microsoft.Graphics.Win2D": {
        "type": "Transitive",
        "resolved": "1.0.5.1",
        "contentHash": "9DVEVvyQWWz8kqhsFBAx9Zv4KRIAcmxuT7kFpK1Fgh6czSiMB+CQW0DlhZXT44Mtv41FRXG47lhEv+7a2YyiLA==",
        "dependencies": {
          "Microsoft.WindowsAppSDK": "1.0.4"
        }
      },
      "Microsoft.WindowsAppSDK": {
        "type": "Transitive",
        "resolved": "1.3.230724000",
        "contentHash": "cCw26h8Uh8IjDMOUzHaR7/IKxEVJxuqEOgBlmLj0Pu1wDezZb9J0Wz53Vop10FQUOZaTfnwDcHavyPTxgkwbKQ==",
        "dependencies": {
          "Microsoft.Windows.SDK.BuildTools": "10.0.22621.1"
        }
      }
    },
    "net8.0-windows10.0.19041/maccatalyst-x64": {
      "Microsoft.Graphics.Win2D": {
        "type": "Transitive",
        "resolved": "1.0.5.1",
        "contentHash": "9DVEVvyQWWz8kqhsFBAx9Zv4KRIAcmxuT7kFpK1Fgh6czSiMB+CQW0DlhZXT44Mtv41FRXG47lhEv+7a2YyiLA==",
        "dependencies": {
          "Microsoft.WindowsAppSDK": "1.0.4"
        }
      },
      "Microsoft.WindowsAppSDK": {
        "type": "Transitive",
        "resolved": "1.3.230724000",
        "contentHash": "cCw26h8Uh8IjDMOUzHaR7/IKxEVJxuqEOgBlmLj0Pu1wDezZb9J0Wz53Vop10FQUOZaTfnwDcHavyPTxgkwbKQ==",
        "dependencies": {
          "Microsoft.Windows.SDK.BuildTools": "10.0.22621.1"
        }
      }
    }
  }
}