{
  "version": 1,
  "dependencies": {
    "net8.0-maccatalyst18.0": {
      "Microsoft.Extensions.Logging.Debug": {
        "type": "Direct",
        "requested": "[8.0.1, )",
        "resolved": "8.0.1",
        "contentHash": "B8hqNuYudC2RB+L/DI33uO4rf5by41fZVdcVL2oZj0UyoAZqnwTwYHp1KafoH4nkl1/23piNeybFFASaV2HkFg==",
        "dependencies": {
          "Microsoft.Extensions.DependencyInjection.Abstractions": "8.0.2",
          "Microsoft.Extensions.Logging": "8.0.1",
          "Microsoft.Extensions.Logging.Abstractions": "8.0.2"
        }
      },
      "Microsoft.Maui.Controls": {
        "type": "Direct",
        "requested": "[8.0.83, )",
        "resolved": "8.0.83",
        "contentHash": "GnPhzLSCx3evTQIZrM8hmkYubJ4JCxZUOHppCcFnVhczWpvmKyNdyJEgbQ24iwUTdPrzIrUFX2Hj7cEmt0BKUQ==",
        "dependencies": {
          "Microsoft.Maui.Controls.Build.Tasks": "8.0.83",
          "Microsoft.Maui.Controls.Core": "8.0.83",
          "Microsoft.Maui.Controls.Xaml": "8.0.83",
          "Microsoft.Maui.Resizetizer": "8.0.83"
        }
      },
      "Microsoft.Maui.Controls.Compatibility": {
        "type": "Direct",
        "requested": "[8.0.83, )",
        "resolved": "8.0.83",
        "contentHash": "FFXjiaj3cLOgrZS3RQY1DocxjWiF28oWXTui1z5ke0j+AC9dhBYcE0EOFBQgFfb3lXIaww05wLdVgLv8O1Iwtg==",
        "dependencies": {
          "Microsoft.Extensions.Configuration": "8.0.0",
          "Microsoft.Extensions.Logging.Abstractions": "8.0.2",
          "Microsoft.Maui.Controls.Core": "8.0.83",
          "Microsoft.Maui.Controls.Xaml": "8.0.83"
        }
      },
      "Microsoft.NET.ILLink.Tasks": {
        "type": "Direct",
        "requested": "[8.0.14, )",
        "resolved": "8.0.14",
        "contentHash": "4U2fd7PexNKrK5ZqfqIcXZj9/lRRjFsLgA/pxuFQTuGQuLYP/+7yACz/j7EmWbEj/fspOf4mafi/vHIy/rKDzQ=="
      },
      "Microsoft.Extensions.Configuration": {
        "type": "Transitive",
        "resolved": "8.0.0",
        "contentHash": "0J/9YNXTMWSZP2p2+nvl8p71zpSwokZXZuJW+VjdErkegAnFdO1XlqtA62SJtgVYHdKu3uPxJHcMR/r35HwFBA==",
        "dependencies": {
          "Microsoft.Extensions.Configuration.Abstractions": "8.0.0",
          "Microsoft.Extensions.Primitives": "8.0.0"
        }
      },
      "Microsoft.Extensions.Configuration.Abstractions": {
        "type": "Transitive",
        "resolved": "8.0.0",
        "contentHash": "3lE/iLSutpgX1CC0NOW70FJoGARRHbyKmG7dc0klnUZ9Dd9hS6N/POPWhKhMLCEuNN5nXEY5agmlFtH562vqhQ==",
        "dependencies": {
          "Microsoft.Extensions.Primitives": "8.0.0"
        }
      },
      "Microsoft.Extensions.DependencyInjection": {
        "type": "Transitive",
        "resolved": "8.0.1",
        "contentHash": "BmANAnR5Xd4Oqw7yQ75xOAYODybZQRzdeNucg7kS5wWKd2PNnMdYtJ2Vciy0QLylRmv42DGl5+AFL9izA6F1Rw==",
        "dependencies": {
          "Microsoft.Extensions.DependencyInjection.Abstractions": "8.0.2"
        }
      },
      "Microsoft.Extensions.DependencyInjection.Abstractions": {
        "type": "Transitive",
        "resolved": "8.0.2",
        "contentHash": "3iE7UF7MQkCv1cxzCahz+Y/guQbTqieyxyaWKhrRO91itI9cOKO76OHeQDahqG4MmW5umr3CcCvGmK92lWNlbg=="
      },
      "Microsoft.Extensions.Logging": {
        "type": "Transitive",
        "resolved": "8.0.1",
        "contentHash": "4x+pzsQEbqxhNf1QYRr5TDkLP9UsLT3A6MdRKDDEgrW7h1ljiEPgTNhKYUhNCCAaVpQECVQ+onA91PTPnIp6Lw==",
        "dependencies": {
          "Microsoft.Extensions.DependencyInjection": "8.0.1",
          "Microsoft.Extensions.Logging.Abstractions": "8.0.2",
          "Microsoft.Extensions.Options": "8.0.2"
        }
      },
      "Microsoft.Extensions.Logging.Abstractions": {
        "type": "Transitive",
        "resolved": "8.0.2",
        "contentHash": "nroMDjS7hNBPtkZqVBbSiQaQjWRDxITI8Y7XnDs97rqG3EbzVTNLZQf7bIeUJcaHOV8bca47s1Uxq94+2oGdxA==",
        "dependencies": {
          "Microsoft.Extensions.DependencyInjection.Abstractions": "8.0.2"
        }
      },
      "Microsoft.Extensions.Options": {
        "type": "Transitive",
        "resolved": "8.0.2",
        "contentHash": "dWGKvhFybsaZpGmzkGCbNNwBD1rVlWzrZKANLW/CcbFJpCEceMCGzT7zZwHOGBCbwM0SzBuceMj5HN1LKV1QqA==",
        "dependencies": {
          "Microsoft.Extensions.DependencyInjection.Abstractions": "8.0.0",
          "Microsoft.Extensions.Primitives": "8.0.0"
        }
      },
      "Microsoft.Extensions.Primitives": {
        "type": "Transitive",
        "resolved": "8.0.0",
        "contentHash": "bXJEZrW9ny8vjMF1JV253WeLhpEVzFo1lyaZu1vQ4ZxWUlVvknZ/+ftFgVheLubb4eZPSwwxBeqS1JkCOjxd8g=="
      },
      "Microsoft.Maui.Controls.Build.Tasks": {
        "type": "Transitive",
        "resolved": "8.0.83",
        "contentHash": "zxKbbgXXryp6iyUB2BkMSCZs+fL6HORU32QoBOffydgr43105hDN5xJoidC+ocAqz7a/mkTOkh0z2fOaYsJR6w==",
        "dependencies": {
          "Microsoft.Maui.Controls.Core": "8.0.83",
          "Microsoft.Maui.Controls.Xaml": "8.0.83"
        }
      },
      "Microsoft.Maui.Controls.Core": {
        "type": "Transitive",
        "resolved": "8.0.83",
        "contentHash": "efT/y9yaYRG5NqmckXFvSSZpzscg8GnU7QvHYrkSkZgW/PSPTETN78iocudTIC3TMSJhSTBe3sdFVIVSDR9O1w==",
        "dependencies": {
          "Microsoft.Extensions.Configuration": "8.0.0",
          "Microsoft.Extensions.DependencyInjection": "8.0.1",
          "Microsoft.Extensions.Logging": "8.0.1",
          "Microsoft.Extensions.Logging.Abstractions": "8.0.2",
          "Microsoft.Maui.Core": "8.0.83"
        }
      },
      "Microsoft.Maui.Controls.Xaml": {
        "type": "Transitive",
        "resolved": "8.0.83",
        "contentHash": "RPOdOJvdpWwgdu0xC+e38VAs9W0Earc0s+5xBAV4Sj4X7BD19rfqb5eEAc3p1Bmq99uoWLEoJ6v6IZXvCm4Lpg==",
        "dependencies": {
          "Microsoft.Extensions.Configuration": "8.0.0",
          "Microsoft.Maui.Controls.Core": "8.0.83",
          "Microsoft.Maui.Core": "8.0.83"
        }
      },
      "Microsoft.Maui.Core": {
        "type": "Transitive",
        "resolved": "8.0.83",
        "contentHash": "Kl0XjS+PcI3auo/ksjIqcEiRMNXgTWRs+SqTY6iFO3/uGpfW6TJd5AS9FyBMEtj0G/mjevlY1UR4sfvQwoBItA==",
        "dependencies": {
          "Microsoft.Extensions.Configuration": "8.0.0",
          "Microsoft.Extensions.DependencyInjection": "8.0.1",
          "Microsoft.Extensions.Logging": "8.0.1",
          "Microsoft.Extensions.Logging.Abstractions": "8.0.2",
          "Microsoft.Maui.Essentials": "8.0.83",
          "Microsoft.Maui.Graphics": "8.0.83"
        }
      },
      "Microsoft.Maui.Essentials": {
        "type": "Transitive",
        "resolved": "8.0.83",
        "contentHash": "S6805HnbbbT5nNAxj86dATXm9pophANB96i2FYKuoVlN4CqCiZep4LKBNLlvDD41tk/hGP+Oy+YWsYgMWz/OEA==",
        "dependencies": {
          "Microsoft.Maui.Graphics": "8.0.83"
        }
      },
      "Microsoft.Maui.Graphics": {
        "type": "Transitive",
        "resolved": "8.0.83",
        "contentHash": "zR5zG20ozy/oXCLW8hV5HmBblx5UIxZUQeKCfcCMpUs4/3vEXcWBiCyjTAN7+EvQw0jCdm6g95uUZwIFSXSYwQ=="
      },
      "Microsoft.Maui.Resizetizer": {
        "type": "Transitive",
        "resolved": "8.0.83",
        "contentHash": "cMDrOIUmsseE6QC1UMRYe4MRYQiSi0EHiyIMmljpqYHUi9ejEZCxFxQWH8us0o9QclXAjiknfyNnnivYh7k59w=="
      }
    },
    "net8.0-maccatalyst18.0/maccatalyst-x64": {},
    "net8.0-maccatalyst18.0/win10-x64": {},
    "net8.0-windows10.0.19041": {
      "Microsoft.Extensions.Logging.Debug": {
        "type": "Direct",
        "requested": "[8.0.1, )",
        "resolved": "8.0.1",
        "contentHash": "B8hqNuYudC2RB+L/DI33uO4rf5by41fZVdcVL2oZj0UyoAZqnwTwYHp1KafoH4nkl1/23piNeybFFASaV2HkFg==",
        "dependencies": {
          "Microsoft.Extensions.DependencyInjection.Abstractions": "8.0.2",
          "Microsoft.Extensions.Logging": "8.0.1",
          "Microsoft.Extensions.Logging.Abstractions": "8.0.2"
        }
      },
      "Microsoft.Maui.Controls": {
        "type": "Direct",
        "requested": "[8.0.83, )",
        "resolved": "8.0.83",
        "contentHash": "GnPhzLSCx3evTQIZrM8hmkYubJ4JCxZUOHppCcFnVhczWpvmKyNdyJEgbQ24iwUTdPrzIrUFX2Hj7cEmt0BKUQ==",
        "dependencies": {
          "Microsoft.Maui.Controls.Build.Tasks": "8.0.83",
          "Microsoft.Maui.Controls.Core": "8.0.83",
          "Microsoft.Maui.Controls.Xaml": "8.0.83",
          "Microsoft.Maui.Resizetizer": "8.0.83"
        }
      },
      "Microsoft.Maui.Controls.Compatibility": {
        "type": "Direct",
        "requested": "[8.0.83, )",
        "resolved": "8.0.83",
        "contentHash": "FFXjiaj3cLOgrZS3RQY1DocxjWiF28oWXTui1z5ke0j+AC9dhBYcE0EOFBQgFfb3lXIaww05wLdVgLv8O1Iwtg==",
        "dependencies": {
          "Microsoft.Extensions.Configuration": "8.0.0",
          "Microsoft.Extensions.Logging.Abstractions": "8.0.2",
          "Microsoft.Maui.Controls.Core": "8.0.83",
          "Microsoft.Maui.Controls.Xaml": "8.0.83"
        }
      },
      "Microsoft.Extensions.Configuration": {
        "type": "Transitive",
        "resolved": "8.0.0",
        "contentHash": "0J/9YNXTMWSZP2p2+nvl8p71zpSwokZXZuJW+VjdErkegAnFdO1XlqtA62SJtgVYHdKu3uPxJHcMR/r35HwFBA==",
        "dependencies": {
          "Microsoft.Extensions.Configuration.Abstractions": "8.0.0",
          "Microsoft.Extensions.Primitives": "8.0.0"
        }
      },
      "Microsoft.Extensions.Configuration.Abstractions": {
        "type": "Transitive",
        "resolved": "8.0.0",
        "contentHash": "3lE/iLSutpgX1CC0NOW70FJoGARRHbyKmG7dc0klnUZ9Dd9hS6N/POPWhKhMLCEuNN5nXEY5agmlFtH562vqhQ==",
        "dependencies": {
          "Microsoft.Extensions.Primitives": "8.0.0"
        }
      },
      "Microsoft.Extensions.DependencyInjection": {
        "type": "Transitive",
        "resolved": "8.0.1",
        "contentHash": "BmANAnR5Xd4Oqw7yQ75xOAYODybZQRzdeNucg7kS5wWKd2PNnMdYtJ2Vciy0QLylRmv42DGl5+AFL9izA6F1Rw==",
        "dependencies": {
          "Microsoft.Extensions.DependencyInjection.Abstractions": "8.0.2"
        }
      },
      "Microsoft.Extensions.DependencyInjection.Abstractions": {
        "type": "Transitive",
        "resolved": "8.0.2",
        "contentHash": "3iE7UF7MQkCv1cxzCahz+Y/guQbTqieyxyaWKhrRO91itI9cOKO76OHeQDahqG4MmW5umr3CcCvGmK92lWNlbg=="
      },
      "Microsoft.Extensions.Logging": {
        "type": "Transitive",
        "resolved": "8.0.1",
        "contentHash": "4x+pzsQEbqxhNf1QYRr5TDkLP9UsLT3A6MdRKDDEgrW7h1ljiEPgTNhKYUhNCCAaVpQECVQ+onA91PTPnIp6Lw==",
        "dependencies": {
          "Microsoft.Extensions.DependencyInjection": "8.0.1",
          "Microsoft.Extensions.Logging.Abstractions": "8.0.2",
          "Microsoft.Extensions.Options": "8.0.2"
        }
      },
      "Microsoft.Extensions.Logging.Abstractions": {
        "type": "Transitive",
        "resolved": "8.0.2",
        "contentHash": "nroMDjS7hNBPtkZqVBbSiQaQjWRDxITI8Y7XnDs97rqG3EbzVTNLZQf7bIeUJcaHOV8bca47s1Uxq94+2oGdxA==",
        "dependencies": {
          "Microsoft.Extensions.DependencyInjection.Abstractions": "8.0.2"
        }
      },
      "Microsoft.Extensions.Options": {
        "type": "Transitive",
        "resolved": "8.0.2",
        "contentHash": "dWGKvhFybsaZpGmzkGCbNNwBD1rVlWzrZKANLW/CcbFJpCEceMCGzT7zZwHOGBCbwM0SzBuceMj5HN1LKV1QqA==",
        "dependencies": {
          "Microsoft.Extensions.DependencyInjection.Abstractions": "8.0.0",
          "Microsoft.Extensions.Primitives": "8.0.0"
        }
      },
      "Microsoft.Extensions.Primitives": {
        "type": "Transitive",
        "resolved": "8.0.0",
        "contentHash": "bXJEZrW9ny8vjMF1JV253WeLhpEVzFo1lyaZu1vQ4ZxWUlVvknZ/+ftFgVheLubb4eZPSwwxBeqS1JkCOjxd8g=="
      },
      "Microsoft.Graphics.Win2D": {
        "type": "Transitive",
        "resolved": "1.2.0",
        "contentHash": "7bAo8ObjCy/br0eW0nONRfVKehJu5aDe/KQekWeNXslwTOO2rhrIfWaVGepsXyVqmqwHoLJ31g1HsT7FLdBCoQ==",
        "dependencies": {
          "Microsoft.WindowsAppSDK": "1.5.240227000"
        }
      },
      "Microsoft.IO.RecyclableMemoryStream": {
        "type": "Transitive",
        "resolved": "3.0.1",
        "contentHash": "s/s20YTVY9r9TPfTrN5g8zPF1YhwxyqO6PxUkrYTGI2B+OGPe9AdajWZrLhFqXIvqIW23fnUE4+ztrUWNU1+9g=="
      },
      "Microsoft.Maui.Controls.Build.Tasks": {
        "type": "Transitive",
        "resolved": "8.0.83",
        "contentHash": "zxKbbgXXryp6iyUB2BkMSCZs+fL6HORU32QoBOffydgr43105hDN5xJoidC+ocAqz7a/mkTOkh0z2fOaYsJR6w==",
        "dependencies": {
          "Microsoft.Maui.Controls.Core": "8.0.83",
          "Microsoft.Maui.Controls.Xaml": "8.0.83"
        }
      },
      "Microsoft.Maui.Controls.Core": {
        "type": "Transitive",
        "resolved": "8.0.83",
        "contentHash": "efT/y9yaYRG5NqmckXFvSSZpzscg8GnU7QvHYrkSkZgW/PSPTETN78iocudTIC3TMSJhSTBe3sdFVIVSDR9O1w==",
        "dependencies": {
          "Microsoft.Extensions.Configuration": "8.0.0",
          "Microsoft.Extensions.DependencyInjection": "8.0.1",
          "Microsoft.Extensions.Logging": "8.0.1",
          "Microsoft.Extensions.Logging.Abstractions": "8.0.2",
          "Microsoft.Maui.Core": "8.0.83"
        }
      },
      "Microsoft.Maui.Controls.Xaml": {
        "type": "Transitive",
        "resolved": "8.0.83",
        "contentHash": "RPOdOJvdpWwgdu0xC+e38VAs9W0Earc0s+5xBAV4Sj4X7BD19rfqb5eEAc3p1Bmq99uoWLEoJ6v6IZXvCm4Lpg==",
        "dependencies": {
          "Microsoft.Extensions.Configuration": "8.0.0",
          "Microsoft.Maui.Controls.Core": "8.0.83",
          "Microsoft.Maui.Core": "8.0.83"
        }
      },
      "Microsoft.Maui.Core": {
        "type": "Transitive",
        "resolved": "8.0.83",
        "contentHash": "Kl0XjS+PcI3auo/ksjIqcEiRMNXgTWRs+SqTY6iFO3/uGpfW6TJd5AS9FyBMEtj0G/mjevlY1UR4sfvQwoBItA==",
        "dependencies": {
          "Microsoft.Extensions.Configuration": "8.0.0",
          "Microsoft.Extensions.DependencyInjection": "8.0.1",
          "Microsoft.Extensions.Logging": "8.0.1",
          "Microsoft.Extensions.Logging.Abstractions": "8.0.2",
          "Microsoft.Graphics.Win2D": "1.2.0",
          "Microsoft.Maui.Essentials": "8.0.83",
          "Microsoft.Maui.Graphics": "8.0.83",
          "Microsoft.Maui.Graphics.Win2D.WinUI.Desktop": "8.0.83",
          "Microsoft.Windows.SDK.BuildTools": "10.0.22621.756",
          "Microsoft.WindowsAppSDK": "1.5.240627000"
        }
      },
      "Microsoft.Maui.Essentials": {
        "type": "Transitive",
        "resolved": "8.0.83",
        "contentHash": "S6805HnbbbT5nNAxj86dATXm9pophANB96i2FYKuoVlN4CqCiZep4LKBNLlvDD41tk/hGP+Oy+YWsYgMWz/OEA==",
        "dependencies": {
          "Microsoft.Maui.Graphics": "8.0.83",
          "Microsoft.WindowsAppSDK": "1.5.240627000"
        }
      },
      "Microsoft.Maui.Graphics": {
        "type": "Transitive",
        "resolved": "8.0.83",
        "contentHash": "zR5zG20ozy/oXCLW8hV5HmBblx5UIxZUQeKCfcCMpUs4/3vEXcWBiCyjTAN7+EvQw0jCdm6g95uUZwIFSXSYwQ==",
        "dependencies": {
          "Microsoft.Graphics.Win2D": "1.2.0",
          "Microsoft.IO.RecyclableMemoryStream": "3.0.1",
          "Microsoft.WindowsAppSDK": "1.5.240627000"
        }
      },
      "Microsoft.Maui.Graphics.Win2D.WinUI.Desktop": {
        "type": "Transitive",
        "resolved": "8.0.83",
        "contentHash": "29GkElC2bgq/zrbI44/yshMiEQ/K4yPIS6RtmhypUrZMap/aqAC5nJ/v0xJwx90MYvcrHoUUMzALQhWSkgKwlQ==",
        "dependencies": {
          "Microsoft.Graphics.Win2D": "1.2.0",
          "Microsoft.Maui.Graphics": "8.0.83",
          "Microsoft.WindowsAppSDK": "1.5.240627000"
        }
      },
      "Microsoft.Maui.Resizetizer": {
        "type": "Transitive",
        "resolved": "8.0.83",
        "contentHash": "cMDrOIUmsseE6QC1UMRYe4MRYQiSi0EHiyIMmljpqYHUi9ejEZCxFxQWH8us0o9QclXAjiknfyNnnivYh7k59w=="
      },
      "Microsoft.Windows.SDK.BuildTools": {
        "type": "Transitive",
        "resolved": "10.0.22621.756",
        "contentHash": "7ZL2sFSioYm1Ry067Kw1hg0SCcW5kuVezC2SwjGbcPE61Nn+gTbH86T73G3LcEOVj0S3IZzNuE/29gZvOLS7VA=="
      },
      "Microsoft.WindowsAppSDK": {
        "type": "Transitive",
        "resolved": "1.5.240627000",
        "contentHash": "qzzWG8rxZyzKzBuUdwr4ApezMINf+NT2b8EiEE5fchczNJJmDwlHImMWxX1pHK1W8Yby99alqLyC8DB0fIrhuA==",
        "dependencies": {
          "Microsoft.Windows.SDK.BuildTools": "10.0.22621.756"
        }
      }
    },
    "net8.0-windows10.0.19041/maccatalyst-x64": {
      "Microsoft.Graphics.Win2D": {
        "type": "Transitive",
        "resolved": "1.2.0",
        "contentHash": "7bAo8ObjCy/br0eW0nONRfVKehJu5aDe/KQekWeNXslwTOO2rhrIfWaVGepsXyVqmqwHoLJ31g1HsT7FLdBCoQ==",
        "dependencies": {
          "Microsoft.WindowsAppSDK": "1.5.240227000"
        }
      },
      "Microsoft.WindowsAppSDK": {
        "type": "Transitive",
        "resolved": "1.5.240627000",
        "contentHash": "qzzWG8rxZyzKzBuUdwr4ApezMINf+NT2b8EiEE5fchczNJJmDwlHImMWxX1pHK1W8Yby99alqLyC8DB0fIrhuA==",
        "dependencies": {
          "Microsoft.Windows.SDK.BuildTools": "10.0.22621.756"
        }
      }
    },
    "net8.0-windows10.0.19041/win10-x64": {
      "Microsoft.Graphics.Win2D": {
        "type": "Transitive",
        "resolved": "1.2.0",
        "contentHash": "7bAo8ObjCy/br0eW0nONRfVKehJu5aDe/KQekWeNXslwTOO2rhrIfWaVGepsXyVqmqwHoLJ31g1HsT7FLdBCoQ==",
        "dependencies": {
          "Microsoft.WindowsAppSDK": "1.5.240227000"
        }
      },
      "Microsoft.WindowsAppSDK": {
        "type": "Transitive",
        "resolved": "1.5.240627000",
        "contentHash": "qzzWG8rxZyzKzBuUdwr4ApezMINf+NT2b8EiEE5fchczNJJmDwlHImMWxX1pHK1W8Yby99alqLyC8DB0fIrhuA==",
        "dependencies": {
          "Microsoft.Windows.SDK.BuildTools": "10.0.22621.756"
        }
      }
    }
  }
}